
Microsoft Visual Studio Solution File, Format Version 12.00
# Visual Studio Version 17
VisualStudioVersion = 17.6.33815.320
MinimumVisualStudioVersion = 10.0.40219.1
Project("{FAE04EC0-301F-11D3-BF4B-00C04F79EFBC}") = "Kikelet-Panzio", "Kikelet-Panzio\Kikelet-Panzio.csproj", "{F87273AB-7B9C-4A33-BA79-984EB819CBCE}"
EndProject
Global
	GlobalSection(SolutionConfigurationPlatforms) = preSolution
		Debug|Any CPU = Debug|Any CPU
		Release|Any CPU = Release|Any CPU
	EndGlobalSection
	GlobalSection(ProjectConfigurationPlatforms) = postSolution
		{F87273AB-7B9C-4A33-BA79-984EB819CBCE}.Debug|Any CPU.ActiveCfg = Debug|Any CPU
		{F87273AB-7B9C-4A33-BA79-984EB819CBCE}.Debug|Any CPU.Build.0 = Debug|Any CPU
		{F87273AB-7B9C-4A33-BA79-984EB819CBCE}.Release|Any CPU.ActiveCfg = Release|Any CPU
		{F87273AB-7B9C-4A33-BA79-984EB819CBCE}.Release|Any CPU.Build.0 = Release|Any CPU
	EndGlobalSection
	GlobalSection(SolutionProperties) = preSolution
		HideSolutionNode = FALSE
	EndGlobalSection
	GlobalSection(ExtensibilityGlobals) = postSolution
		SolutionGuid = {67959F88-DA52-4AE9-99F0-3C4656F88554}
	EndGlobalSection
EndGlobal
